
Microsoft Visual Studio Solution File, Format Version 12.00
# Visual Studio Version 16
VisualStudioVersion = 16.0.32413.511
MinimumVisualStudioVersion = 10.0.40219.1
Project("{FAE04EC0-301F-11D3-BF4B-00C04F79EFBC}") = "AES_EncryptFile", "AES_EncryptFile.csproj", "{E09BF1E0-A4B2-44C6-BE1C-9204A2DBE1CD}"
EndProject
Global
	GlobalSection(SolutionConfigurationPlatforms) = preSolution
		Debug|Any CPU = Debug|Any CPU
		Release|Any CPU = Release|Any CPU
	EndGlobalSection
	GlobalSection(ProjectConfigurationPlatforms) = postSolution
		{E09BF1E0-A4B2-44C6-BE1C-9204A2DBE1CD}.Debug|Any CPU.ActiveCfg = Debug|Any CPU
		{E09BF1E0-A4B2-44C6-BE1C-9204A2DBE1CD}.Debug|Any CPU.Build.0 = Debug|Any CPU
		{E09BF1E0-A4B2-44C6-BE1C-9204A2DBE1CD}.Release|Any CPU.ActiveCfg = Release|Any CPU
		{E09BF1E0-A4B2-44C6-BE1C-9204A2DBE1CD}.Release|Any CPU.Build.0 = Release|Any CPU
	EndGlobalSection
	GlobalSection(SolutionProperties) = preSolution
		HideSolutionNode = FALSE
	EndGlobalSection
	GlobalSection(ExtensibilityGlobals) = postSolution
		SolutionGuid = {B0942367-4104-4B05-9FED-C5205F25E1B2}
	EndGlobalSection
EndGlobal
