
Microsoft Visual Studio Solution File, Format Version 12.00
# Visual Studio Version 16
VisualStudioVersion = 16.0.30804.86
MinimumVisualStudioVersion = 10.0.40219.1
Project("{FAE04EC0-301F-11D3-BF4B-00C04F79EFBC}") = "AES_GatewayEncryptFirmware", "AES_GatewayEncryptFirmware.csproj", "{464AAB21-5305-45AD-AD89-D6C51FA9D22C}"
EndProject
Global
	GlobalSection(SolutionConfigurationPlatforms) = preSolution
		Debug|Any CPU = Debug|Any CPU
		Release|Any CPU = Release|Any CPU
	EndGlobalSection
	GlobalSection(ProjectConfigurationPlatforms) = postSolution
		{464AAB21-5305-45AD-AD89-D6C51FA9D22C}.Debug|Any CPU.ActiveCfg = Debug|Any CPU
		{464AAB21-5305-45AD-AD89-D6C51FA9D22C}.Debug|Any CPU.Build.0 = Debug|Any CPU
		{464AAB21-5305-45AD-AD89-D6C51FA9D22C}.Release|Any CPU.ActiveCfg = Release|Any CPU
		{464AAB21-5305-45AD-AD89-D6C51FA9D22C}.Release|Any CPU.Build.0 = Release|Any CPU
	EndGlobalSection
	GlobalSection(SolutionProperties) = preSolution
		HideSolutionNode = FALSE
	EndGlobalSection
	GlobalSection(ExtensibilityGlobals) = postSolution
		SolutionGuid = {4FB5096A-CC80-41FF-A3B2-A05A81C67A75}
	EndGlobalSection
EndGlobal
